<?xml version="1.0" encoding="utf-8"?>
<Project ToolsVersion="16.0" xmlns="http://schemas.microsoft.com/developer/msbuild/2003">
  <ItemGroup>
    <ClCompile Include="D:\Projektit\C++\Vulkan2DRenderer\ExternalLibraries\glfw-3.3\src\context.c">
      <Filter>Source Files</Filter>
    </ClCompile>
    <ClCompile Include="D:\Projektit\C++\Vulkan2DRenderer\ExternalLibraries\glfw-3.3\src\init.c">
      <Filter>Source Files</Filter>
    </ClCompile>
    <ClCompile Include="D:\Projektit\C++\Vulkan2DRenderer\ExternalLibraries\glfw-3.3\src\input.c">
      <Filter>Source Files</Filter>
    </ClCompile>
    <ClCompile Include="D:\Projektit\C++\Vulkan2DRenderer\ExternalLibraries\glfw-3.3\src\monitor.c">
      <Filter>Source Files</Filter>
    </ClCompile>
    <ClCompile Include="D:\Projektit\C++\Vulkan2DRenderer\ExternalLibraries\glfw-3.3\src\vulkan.c">
      <Filter>Source Files</Filter>
    </ClCompile>
    <ClCompile Include="D:\Projektit\C++\Vulkan2DRenderer\ExternalLibraries\glfw-3.3\src\window.c">
      <Filter>Source Files</Filter>
    </ClCompile>
    <ClCompile Include="D:\Projektit\C++\Vulkan2DRenderer\ExternalLibraries\glfw-3.3\src\win32_init.c">
      <Filter>Source Files</Filter>
    </ClCompile>
    <ClCompile Include="D:\Projektit\C++\Vulkan2DRenderer\ExternalLibraries\glfw-3.3\src\win32_joystick.c">
      <Filter>Source Files</Filter>
    </ClCompile>
    <ClCompile Include="D:\Projektit\C++\Vulkan2DRenderer\ExternalLibraries\glfw-3.3\src\win32_monitor.c">
      <Filter>Source Files</Filter>
    </ClCompile>
    <ClCompile Include="D:\Projektit\C++\Vulkan2DRenderer\ExternalLibraries\glfw-3.3\src\win32_time.c">
      <Filter>Source Files</Filter>
    </ClCompile>
    <ClCompile Include="D:\Projektit\C++\Vulkan2DRenderer\ExternalLibraries\glfw-3.3\src\win32_thread.c">
      <Filter>Source Files</Filter>
    </ClCompile>
    <ClCompile Include="D:\Projektit\C++\Vulkan2DRenderer\ExternalLibraries\glfw-3.3\src\win32_window.c">
      <Filter>Source Files</Filter>
    </ClCompile>
    <ClCompile Include="D:\Projektit\C++\Vulkan2DRenderer\ExternalLibraries\glfw-3.3\src\wgl_context.c">
      <Filter>Source Files</Filter>
    </ClCompile>
    <ClCompile Include="D:\Projektit\C++\Vulkan2DRenderer\ExternalLibraries\glfw-3.3\src\egl_context.c">
      <Filter>Source Files</Filter>
    </ClCompile>
    <ClCompile Include="D:\Projektit\C++\Vulkan2DRenderer\ExternalLibraries\glfw-3.3\src\osmesa_context.c">
      <Filter>Source Files</Filter>
    </ClCompile>
  </ItemGroup>
  <ItemGroup>
    <ClInclude Include="D:\Projektit\C++\Vulkan2DRenderer\ExternalLibraries\glfw-3.3\src\internal.h">
      <Filter>Header Files</Filter>
    </ClInclude>
    <ClInclude Include="D:\Projektit\C++\Vulkan2DRenderer\ExternalLibraries\glfw-3.3\src\mappings.h">
      <Filter>Header Files</Filter>
    </ClInclude>
    <ClInclude Include="D:\Projektit\C++\Vulkan2DRenderer\ExternalLibraries\glfw-3.3-VisualStudio2019\src\glfw_config.h">
      <Filter>Header Files</Filter>
    </ClInclude>
    <ClInclude Include="D:\Projektit\C++\Vulkan2DRenderer\ExternalLibraries\glfw-3.3\include\GLFW\glfw3.h">
      <Filter>Header Files</Filter>
    </ClInclude>
    <ClInclude Include="D:\Projektit\C++\Vulkan2DRenderer\ExternalLibraries\glfw-3.3\include\GLFW\glfw3native.h">
      <Filter>Header Files</Filter>
    </ClInclude>
    <ClInclude Include="D:\Projektit\C++\Vulkan2DRenderer\ExternalLibraries\glfw-3.3\src\win32_platform.h">
      <Filter>Header Files</Filter>
    </ClInclude>
    <ClInclude Include="D:\Projektit\C++\Vulkan2DRenderer\ExternalLibraries\glfw-3.3\src\win32_joystick.h">
      <Filter>Header Files</Filter>
    </ClInclude>
    <ClInclude Include="D:\Projektit\C++\Vulkan2DRenderer\ExternalLibraries\glfw-3.3\src\wgl_context.h">
      <Filter>Header Files</Filter>
    </ClInclude>
    <ClInclude Include="D:\Projektit\C++\Vulkan2DRenderer\ExternalLibraries\glfw-3.3\src\egl_context.h">
      <Filter>Header Files</Filter>
    </ClInclude>
    <ClInclude Include="D:\Projektit\C++\Vulkan2DRenderer\ExternalLibraries\glfw-3.3\src\osmesa_context.h">
      <Filter>Header Files</Filter>
    </ClInclude>
  </ItemGroup>
  <ItemGroup>
    <CustomBuild Include="D:\Projektit\C++\Vulkan2DRenderer\ExternalLibraries\glfw-3.3\src\CMakeLists.txt" />
  </ItemGroup>
  <ItemGroup>
    <Filter Include="Header Files">
      <UniqueIdentifier>{1D64E76B-485F-3B80-AA37-277BFC939587}</UniqueIdentifier>
    </Filter>
    <Filter Include="Source Files">
      <UniqueIdentifier>{D77F581F-98C9-3870-B8F3-2A13A392AD28}</UniqueIdentifier>
    </Filter>
  </ItemGroup>
</Project>
