<?xml version="1.0" encoding="utf-8"?>
<Project ToolsVersion="4.0" xmlns="http://schemas.microsoft.com/developer/msbuild/2003">
  <ItemGroup>
    <Filter Include="Source">
      <UniqueIdentifier>{80aca2cd-1fc1-49da-81c6-44af5ebde622}</UniqueIdentifier>
    </Filter>
    <Filter Include="Include">
      <UniqueIdentifier>{3a1ccfb8-1d60-427b-8157-fc02382433b4}</UniqueIdentifier>
    </Filter>
    <Filter Include="Include\Interface">
      <UniqueIdentifier>{7db41c82-1bc1-49ca-ad00-a5184c33c916}</UniqueIdentifier>
    </Filter>
    <Filter Include="Include\Core">
      <UniqueIdentifier>{42334dc2-f6d6-4990-9f73-fa1f931227ec}</UniqueIdentifier>
    </Filter>
    <Filter Include="Source\Shaders">
      <UniqueIdentifier>{0be6a7b4-f92d-4f3e-920d-d2d98d16fe62}</UniqueIdentifier>
    </Filter>
    <Filter Include="Source\Interface">
      <UniqueIdentifier>{796385ae-bfae-4a1b-88c7-c61340c24c39}</UniqueIdentifier>
    </Filter>
    <Filter Include="Source\Impl">
      <UniqueIdentifier>{31168436-0b03-45fa-9c6d-6917a58d8a70}</UniqueIdentifier>
    </Filter>
    <Filter Include="Source\Header">
      <UniqueIdentifier>{2280d127-52cd-423a-a6ec-b70b6eaefc53}</UniqueIdentifier>
    </Filter>
    <Filter Include="Source\Header\Impl">
      <UniqueIdentifier>{c6c6e41b-1f0d-42f3-be36-342ab778a56b}</UniqueIdentifier>
    </Filter>
    <Filter Include="Source\Core">
      <UniqueIdentifier>{b354dba2-6da4-442e-8501-06d33353fa23}</UniqueIdentifier>
    </Filter>
    <Filter Include="Source\Header\Core">
      <UniqueIdentifier>{f51bea87-3090-4662-be00-8bfc9cf89f31}</UniqueIdentifier>
    </Filter>
  </ItemGroup>
  <ItemGroup>
    <None Include="cpp.hint" />
    <None Include="..\Source\Shaders\shader.frag">
      <Filter>Source\Shaders</Filter>
    </None>
    <None Include="..\Source\Shaders\shader.vert">
      <Filter>Source\Shaders</Filter>
    </None>
  </ItemGroup>
  <ItemGroup>
    <ClInclude Include="..\Include\Vulkan2DRenderer.h">
      <Filter>Include</Filter>
    </ClInclude>
    <ClInclude Include="..\Include\Interface\Renderer.h">
      <Filter>Include\Interface</Filter>
    </ClInclude>
    <ClInclude Include="..\Include\Interface\RenderPrimitives.h">
      <Filter>Include\Interface</Filter>
    </ClInclude>
    <ClInclude Include="..\Include\Interface\Resource.h">
      <Filter>Include\Interface</Filter>
    </ClInclude>
    <ClInclude Include="..\Include\Interface\ResourceManager.h">
      <Filter>Include\Interface</Filter>
    </ClInclude>
    <ClInclude Include="..\Include\Interface\TextureResource.h">
      <Filter>Include\Interface</Filter>
    </ClInclude>
    <ClInclude Include="..\Include\Interface\Window.h">
      <Filter>Include\Interface</Filter>
    </ClInclude>
    <ClInclude Include="..\Include\Core\BuildOptions.h">
      <Filter>Include\Core</Filter>
    </ClInclude>
    <ClInclude Include="..\Include\Core\Common.h">
      <Filter>Include\Core</Filter>
    </ClInclude>
    <ClInclude Include="..\Include\Core\Platform.h">
      <Filter>Include\Core</Filter>
    </ClInclude>
    <ClInclude Include="..\Include\Core\Version.hpp">
      <Filter>Include\Core</Filter>
    </ClInclude>
    <ClInclude Include="..\Source\Header\Impl\RendererImpl.h">
      <Filter>Source\Header\Impl</Filter>
    </ClInclude>
    <ClInclude Include="..\Source\Header\Impl\ResourceManagerImpl.h">
      <Filter>Source\Header\Impl</Filter>
    </ClInclude>
    <ClInclude Include="..\Source\Header\Impl\TextureResourceImpl.h">
      <Filter>Source\Header\Impl</Filter>
    </ClInclude>
    <ClInclude Include="..\Source\Header\Impl\WindowImpl.h">
      <Filter>Source\Header\Impl</Filter>
    </ClInclude>
    <ClInclude Include="..\Source\Shaders\shader.frag.spv.h">
      <Filter>Source\Shaders</Filter>
    </ClInclude>
    <ClInclude Include="..\Source\Shaders\shader.vert.spv.h">
      <Filter>Source\Shaders</Filter>
    </ClInclude>
    <ClInclude Include="..\Source\Header\Core\DescriptorSet.h">
      <Filter>Source\Header\Core</Filter>
    </ClInclude>
    <ClInclude Include="..\Source\Header\Core\MeshBuffer.h">
      <Filter>Source\Header\Core</Filter>
    </ClInclude>
    <ClInclude Include="..\Source\Header\Core\QueueResolver.h">
      <Filter>Source\Header\Core</Filter>
    </ClInclude>
    <ClInclude Include="..\Source\Header\Core\SourceCommon.h">
      <Filter>Source\Header\Core</Filter>
    </ClInclude>
    <ClInclude Include="..\Source\Header\Core\ThreadPool.h">
      <Filter>Source\Header\Core</Filter>
    </ClInclude>
    <ClInclude Include="..\Source\Header\Core\ThreadPrivateResources.h">
      <Filter>Source\Header\Core</Filter>
    </ClInclude>
    <ClInclude Include="..\Source\Header\Core\VulkanMemoryManagement.h">
      <Filter>Source\Header\Core</Filter>
    </ClInclude>
    <ClInclude Include="..\Include\Interface\Mesh.h">
      <Filter>Include\Interface</Filter>
    </ClInclude>
    <ClInclude Include="..\Include\Interface\Sampler.h">
      <Filter>Include\Interface</Filter>
    </ClInclude>
    <ClInclude Include="..\Source\Header\Impl\SamplerImpl.h">
      <Filter>Source\Header\Impl</Filter>
    </ClInclude>
    <ClInclude Include="..\Include\Interface\FontResource.h">
      <Filter>Include\Interface</Filter>
    </ClInclude>
    <ClInclude Include="..\Source\Header\Impl\FontResourceImpl.h">
      <Filter>Source\Header\Impl</Filter>
    </ClInclude>
  </ItemGroup>
  <ItemGroup>
    <ClCompile Include="..\Source\Impl\RendererImpl.cpp">
      <Filter>Source\Impl</Filter>
    </ClCompile>
    <ClCompile Include="..\Source\Impl\ResourceManagerImpl.cpp">
      <Filter>Source\Impl</Filter>
    </ClCompile>
    <ClCompile Include="..\Source\Impl\TextureResourceImpl.cpp">
      <Filter>Source\Impl</Filter>
    </ClCompile>
    <ClCompile Include="..\Source\Impl\WindowImpl.cpp">
      <Filter>Source\Impl</Filter>
    </ClCompile>
    <ClCompile Include="..\Source\Interface\Renderer.cpp">
      <Filter>Source\Interface</Filter>
    </ClCompile>
    <ClCompile Include="..\Source\Interface\Resource.cpp">
      <Filter>Source\Interface</Filter>
    </ClCompile>
    <ClCompile Include="..\Source\Interface\ResourceManager.cpp">
      <Filter>Source\Interface</Filter>
    </ClCompile>
    <ClCompile Include="..\Source\Interface\TextureResource.cpp">
      <Filter>Source\Interface</Filter>
    </ClCompile>
    <ClCompile Include="..\Source\Interface\Window.cpp">
      <Filter>Source\Interface</Filter>
    </ClCompile>
    <ClCompile Include="..\Source\Core\DescriptorSet.cpp">
      <Filter>Source\Core</Filter>
    </ClCompile>
    <ClCompile Include="..\Source\Core\MeshBuffer.cpp">
      <Filter>Source\Core</Filter>
    </ClCompile>
    <ClCompile Include="..\Source\Core\Platform.cpp">
      <Filter>Source\Core</Filter>
    </ClCompile>
    <ClCompile Include="..\Source\Core\QueueResolver.cpp">
      <Filter>Source\Core</Filter>
    </ClCompile>
    <ClCompile Include="..\Source\Core\ThreadPool.cpp">
      <Filter>Source\Core</Filter>
    </ClCompile>
    <ClCompile Include="..\Source\Core\ThreadPrivateResources.cpp">
      <Filter>Source\Core</Filter>
    </ClCompile>
    <ClCompile Include="..\Source\Core\VulkanMemoryManagement.cpp">
      <Filter>Source\Core</Filter>
    </ClCompile>
    <ClCompile Include="..\Source\Interface\Mesh.cpp">
      <Filter>Source\Interface</Filter>
    </ClCompile>
    <ClCompile Include="..\Source\Interface\Sampler.cpp">
      <Filter>Source\Interface</Filter>
    </ClCompile>
    <ClCompile Include="..\Source\Impl\SamplerImpl.cpp">
      <Filter>Source\Impl</Filter>
    </ClCompile>
    <ClCompile Include="..\Source\Interface\FontResource.cpp">
      <Filter>Source\Interface</Filter>
    </ClCompile>
    <ClCompile Include="..\Source\Impl\FontResourceImpl.cpp">
      <Filter>Source\Impl</Filter>
    </ClCompile>
    <ClCompile Include="..\Source\Core\SourceCommon.cpp">
      <Filter>Source\Core</Filter>
    </ClCompile>
  </ItemGroup>
</Project>