Microsoft Visual Studio Solution File, Format Version 12.00
# Visual Studio 16
Project("{2150E333-8FDC-42A3-9474-1A3956D46DE8}") = "CMakePredefinedTargets", "CMakePredefinedTargets", "{90979973-C87D-3979-B8E9-764A0CF612DF}"
EndProject
Project("{2150E333-8FDC-42A3-9474-1A3956D46DE8}") = "GLFW3", "GLFW3", "{30A01576-E04B-35D7-A554-5B066139A009}"
EndProject
Project("{8BC9CEB8-8B4A-11D0-8D11-00A0C91BC942}") = "ALL_BUILD", "ALL_BUILD.vcxproj", "{B75F21DA-B27E-3B7C-9D6A-8AFDDE29CD91}"
	ProjectSection(ProjectDependencies) = postProject
		{1E1CFEEF-BE91-342E-8492-3DF0919D5AD6} = {1E1CFEEF-BE91-342E-8492-3DF0919D5AD6}
		{77623EA2-BD66-383F-83EC-5C9CD58D5B71} = {77623EA2-BD66-383F-83EC-5C9CD58D5B71}
	EndProjectSection
EndProject
Project("{8BC9CEB8-8B4A-11D0-8D11-00A0C91BC942}") = "INSTALL", "INSTALL.vcxproj", "{EC816341-6946-33B6-8044-E711A9D0F12E}"
	ProjectSection(ProjectDependencies) = postProject
		{B75F21DA-B27E-3B7C-9D6A-8AFDDE29CD91} = {B75F21DA-B27E-3B7C-9D6A-8AFDDE29CD91}
		{1E1CFEEF-BE91-342E-8492-3DF0919D5AD6} = {1E1CFEEF-BE91-342E-8492-3DF0919D5AD6}
	EndProjectSection
EndProject
Project("{8BC9CEB8-8B4A-11D0-8D11-00A0C91BC942}") = "ZERO_CHECK", "ZERO_CHECK.vcxproj", "{1E1CFEEF-BE91-342E-8492-3DF0919D5AD6}"
	ProjectSection(ProjectDependencies) = postProject
	EndProjectSection
EndProject
Project("{8BC9CEB8-8B4A-11D0-8D11-00A0C91BC942}") = "glfw", "src\glfw.vcxproj", "{77623EA2-BD66-383F-83EC-5C9CD58D5B71}"
	ProjectSection(ProjectDependencies) = postProject
		{1E1CFEEF-BE91-342E-8492-3DF0919D5AD6} = {1E1CFEEF-BE91-342E-8492-3DF0919D5AD6}
	EndProjectSection
EndProject
Project("{8BC9CEB8-8B4A-11D0-8D11-00A0C91BC942}") = "uninstall", "uninstall.vcxproj", "{E4F76D8D-3ABE-3B2B-9860-C0596C0BE77C}"
	ProjectSection(ProjectDependencies) = postProject
		{1E1CFEEF-BE91-342E-8492-3DF0919D5AD6} = {1E1CFEEF-BE91-342E-8492-3DF0919D5AD6}
	EndProjectSection
EndProject
Global
	GlobalSection(SolutionConfigurationPlatforms) = preSolution
		Debug|x64 = Debug|x64
		Release|x64 = Release|x64
		MinSizeRel|x64 = MinSizeRel|x64
		RelWithDebInfo|x64 = RelWithDebInfo|x64
	EndGlobalSection
	GlobalSection(ProjectConfigurationPlatforms) = postSolution
		{B75F21DA-B27E-3B7C-9D6A-8AFDDE29CD91}.Debug|x64.ActiveCfg = Debug|x64
		{B75F21DA-B27E-3B7C-9D6A-8AFDDE29CD91}.Debug|x64.Build.0 = Debug|x64
		{B75F21DA-B27E-3B7C-9D6A-8AFDDE29CD91}.Release|x64.ActiveCfg = Release|x64
		{B75F21DA-B27E-3B7C-9D6A-8AFDDE29CD91}.Release|x64.Build.0 = Release|x64
		{B75F21DA-B27E-3B7C-9D6A-8AFDDE29CD91}.MinSizeRel|x64.ActiveCfg = MinSizeRel|x64
		{B75F21DA-B27E-3B7C-9D6A-8AFDDE29CD91}.MinSizeRel|x64.Build.0 = MinSizeRel|x64
		{B75F21DA-B27E-3B7C-9D6A-8AFDDE29CD91}.RelWithDebInfo|x64.ActiveCfg = RelWithDebInfo|x64
		{B75F21DA-B27E-3B7C-9D6A-8AFDDE29CD91}.RelWithDebInfo|x64.Build.0 = RelWithDebInfo|x64
		{EC816341-6946-33B6-8044-E711A9D0F12E}.Debug|x64.ActiveCfg = Debug|x64
		{EC816341-6946-33B6-8044-E711A9D0F12E}.Release|x64.ActiveCfg = Release|x64
		{EC816341-6946-33B6-8044-E711A9D0F12E}.MinSizeRel|x64.ActiveCfg = MinSizeRel|x64
		{EC816341-6946-33B6-8044-E711A9D0F12E}.RelWithDebInfo|x64.ActiveCfg = RelWithDebInfo|x64
		{1E1CFEEF-BE91-342E-8492-3DF0919D5AD6}.Debug|x64.ActiveCfg = Debug|x64
		{1E1CFEEF-BE91-342E-8492-3DF0919D5AD6}.Debug|x64.Build.0 = Debug|x64
		{1E1CFEEF-BE91-342E-8492-3DF0919D5AD6}.Release|x64.ActiveCfg = Release|x64
		{1E1CFEEF-BE91-342E-8492-3DF0919D5AD6}.Release|x64.Build.0 = Release|x64
		{1E1CFEEF-BE91-342E-8492-3DF0919D5AD6}.MinSizeRel|x64.ActiveCfg = MinSizeRel|x64
		{1E1CFEEF-BE91-342E-8492-3DF0919D5AD6}.MinSizeRel|x64.Build.0 = MinSizeRel|x64
		{1E1CFEEF-BE91-342E-8492-3DF0919D5AD6}.RelWithDebInfo|x64.ActiveCfg = RelWithDebInfo|x64
		{1E1CFEEF-BE91-342E-8492-3DF0919D5AD6}.RelWithDebInfo|x64.Build.0 = RelWithDebInfo|x64
		{77623EA2-BD66-383F-83EC-5C9CD58D5B71}.Debug|x64.ActiveCfg = Debug|x64
		{77623EA2-BD66-383F-83EC-5C9CD58D5B71}.Debug|x64.Build.0 = Debug|x64
		{77623EA2-BD66-383F-83EC-5C9CD58D5B71}.Release|x64.ActiveCfg = Release|x64
		{77623EA2-BD66-383F-83EC-5C9CD58D5B71}.Release|x64.Build.0 = Release|x64
		{77623EA2-BD66-383F-83EC-5C9CD58D5B71}.MinSizeRel|x64.ActiveCfg = MinSizeRel|x64
		{77623EA2-BD66-383F-83EC-5C9CD58D5B71}.MinSizeRel|x64.Build.0 = MinSizeRel|x64
		{77623EA2-BD66-383F-83EC-5C9CD58D5B71}.RelWithDebInfo|x64.ActiveCfg = RelWithDebInfo|x64
		{77623EA2-BD66-383F-83EC-5C9CD58D5B71}.RelWithDebInfo|x64.Build.0 = RelWithDebInfo|x64
		{E4F76D8D-3ABE-3B2B-9860-C0596C0BE77C}.Debug|x64.ActiveCfg = Debug|x64
		{E4F76D8D-3ABE-3B2B-9860-C0596C0BE77C}.Release|x64.ActiveCfg = Release|x64
		{E4F76D8D-3ABE-3B2B-9860-C0596C0BE77C}.MinSizeRel|x64.ActiveCfg = MinSizeRel|x64
		{E4F76D8D-3ABE-3B2B-9860-C0596C0BE77C}.RelWithDebInfo|x64.ActiveCfg = RelWithDebInfo|x64
	EndGlobalSection
	GlobalSection(NestedProjects) = preSolution
		{B75F21DA-B27E-3B7C-9D6A-8AFDDE29CD91} = {90979973-C87D-3979-B8E9-764A0CF612DF}
		{EC816341-6946-33B6-8044-E711A9D0F12E} = {90979973-C87D-3979-B8E9-764A0CF612DF}
		{1E1CFEEF-BE91-342E-8492-3DF0919D5AD6} = {90979973-C87D-3979-B8E9-764A0CF612DF}
		{77623EA2-BD66-383F-83EC-5C9CD58D5B71} = {30A01576-E04B-35D7-A554-5B066139A009}
		{E4F76D8D-3ABE-3B2B-9860-C0596C0BE77C} = {30A01576-E04B-35D7-A554-5B066139A009}
	EndGlobalSection
	GlobalSection(ExtensibilityGlobals) = postSolution
		SolutionGuid = {369BEF1B-470B-3C01-84E9-373CD5FD6D11}
	EndGlobalSection
	GlobalSection(ExtensibilityAddIns) = postSolution
	EndGlobalSection
EndGlobal
